
Microsoft Visual Studio Solution File, Format Version 12.00
# Visual Studio 15
VisualStudioVersion = 15.0.27428.2015
MinimumVisualStudioVersion = 10.0.40219.1
Project("{9A19103F-16F7-4668-BE54-9A1E7A4F7556}") = "Venvito_Angular_3", "Venvito_Angular_3\Venvito_Angular_3.csproj", "{A173CEA2-A736-48ED-B5BF-43E241775229}"
EndProject
Project("{00D1A9C2-B5F0-4AF3-8072-F6C62B433612}") = "DB", "DB\DB.sqlproj", "{0707C31B-B8C2-4949-A3AD-648C6B65928F}"
EndProject
Global
	GlobalSection(SolutionConfigurationPlatforms) = preSolution
		Debug|Any CPU = Debug|Any CPU
		Release|Any CPU = Release|Any CPU
	EndGlobalSection
	GlobalSection(ProjectConfigurationPlatforms) = postSolution
		{A173CEA2-A736-48ED-B5BF-43E241775229}.Debug|Any CPU.ActiveCfg = Debug|Any CPU
		{A173CEA2-A736-48ED-B5BF-43E241775229}.Debug|Any CPU.Build.0 = Debug|Any CPU
		{A173CEA2-A736-48ED-B5BF-43E241775229}.Release|Any CPU.ActiveCfg = Release|Any CPU
		{A173CEA2-A736-48ED-B5BF-43E241775229}.Release|Any CPU.Build.0 = Release|Any CPU
		{0707C31B-B8C2-4949-A3AD-648C6B65928F}.Debug|Any CPU.ActiveCfg = Debug|Any CPU
		{0707C31B-B8C2-4949-A3AD-648C6B65928F}.Release|Any CPU.ActiveCfg = Release|Any CPU
		{0707C31B-B8C2-4949-A3AD-648C6B65928F}.Release|Any CPU.Build.0 = Release|Any CPU
		{0707C31B-B8C2-4949-A3AD-648C6B65928F}.Release|Any CPU.Deploy.0 = Release|Any CPU
	EndGlobalSection
	GlobalSection(SolutionProperties) = preSolution
		HideSolutionNode = FALSE
	EndGlobalSection
	GlobalSection(ExtensibilityGlobals) = postSolution
		SolutionGuid = {38447401-CBEC-4054-B900-4524633C8FB6}
	EndGlobalSection
EndGlobal
